// !$*UTF8*$!
{
	archiveVersion = 1;
	classes = {
	};
	objectVersion = 46;
	objects = {

/* Begin PBXBuildFile section */
		26391F301D2D46B700A23140 /* Produkt.swift in Sources */ = {isa = PBXBuildFile; fileRef = 26391F2F1D2D46B700A23140 /* Produkt.swift */; };
		26391F361D2D4F3700A23140 /* ProdukteTableViewController.swift in Sources */ = {isa = PBXBuildFile; fileRef = 26391F351D2D4F3700A23140 /* ProdukteTableViewController.swift */; };
		26391F381D2D4F4C00A23140 /* ProdukteNavigationController.swift in Sources */ = {isa = PBXBuildFile; fileRef = 26391F371D2D4F4C00A23140 /* ProdukteNavigationController.swift */; };
		26BA626C1D2F9E16005D725A /* NeueRezeptViewController.swift in Sources */ = {isa = PBXBuildFile; fileRef = 26BA626B1D2F9E16005D725A /* NeueRezeptViewController.swift */; };
		26F781731D297F8D00DFEF5E /* AppDelegate.swift in Sources */ = {isa = PBXBuildFile; fileRef = 26F781721D297F8D00DFEF5E /* AppDelegate.swift */; };
		26F781751D297F8D00DFEF5E /* ViewController.swift in Sources */ = {isa = PBXBuildFile; fileRef = 26F781741D297F8D00DFEF5E /* ViewController.swift */; };
		26F781781D297F8D00DFEF5E /* Main.storyboard in Resources */ = {isa = PBXBuildFile; fileRef = 26F781761D297F8D00DFEF5E /* Main.storyboard */; };
		26F7817A1D297F8D00DFEF5E /* Assets.xcassets in Resources */ = {isa = PBXBuildFile; fileRef = 26F781791D297F8D00DFEF5E /* Assets.xcassets */; };
		26F7817D1D297F8D00DFEF5E /* LaunchScreen.storyboard in Resources */ = {isa = PBXBuildFile; fileRef = 26F7817B1D297F8D00DFEF5E /* LaunchScreen.storyboard */; };
		81329D571D2DA78F00C65978 /* GoogleService-Info.plist in Resources */ = {isa = PBXBuildFile; fileRef = 81329D561D2DA78F00C65978 /* GoogleService-Info.plist */; };
		8172EC0A1D2BF86100B1A4E4 /* RezepteTableViewController.swift in Sources */ = {isa = PBXBuildFile; fileRef = 8172EC091D2BF86100B1A4E4 /* RezepteTableViewController.swift */; };
		8172EC111D2C01F800B1A4E4 /* Rezept.swift in Sources */ = {isa = PBXBuildFile; fileRef = 8172EC101D2C01F800B1A4E4 /* Rezept.swift */; };
		8172EC1D1D2C0A1600B1A4E4 /* RezepteNavigationController.swift in Sources */ = {isa = PBXBuildFile; fileRef = 8172EC1C1D2C0A1600B1A4E4 /* RezepteNavigationController.swift */; };
		8172EC231D2C0E3A00B1A4E4 /* FontAwesome.framework in Frameworks */ = {isa = PBXBuildFile; fileRef = 8172EC221D2C0E3A00B1A4E4 /* FontAwesome.framework */; };
		8172EC241D2C0E3A00B1A4E4 /* FontAwesome.framework in Embed Frameworks */ = {isa = PBXBuildFile; fileRef = 8172EC221D2C0E3A00B1A4E4 /* FontAwesome.framework */; settings = {ATTRIBUTES = (CodeSignOnCopy, RemoveHeadersOnCopy, ); }; };
		8172EC291D2C0F5100B1A4E4 /* TabBarViewController.swift in Sources */ = {isa = PBXBuildFile; fileRef = 8172EC281D2C0F5100B1A4E4 /* TabBarViewController.swift */; };
		818A81521D2EBA3500E31D50 /* RezeptZutat.swift in Sources */ = {isa = PBXBuildFile; fileRef = 818A81511D2EBA3500E31D50 /* RezeptZutat.swift */; };
		818A81551D2EBC6200E31D50 /* ZutatenCell.swift in Sources */ = {isa = PBXBuildFile; fileRef = 818A81531D2EBC6200E31D50 /* ZutatenCell.swift */; };
		818A81561D2EBC6200E31D50 /* ZutatenCell.xib in Resources */ = {isa = PBXBuildFile; fileRef = 818A81541D2EBC6200E31D50 /* ZutatenCell.xib */; };
		81D47D8D1D2D4413005C767A /* RezepteDetailViewController.swift in Sources */ = {isa = PBXBuildFile; fileRef = 81D47D8C1D2D4413005C767A /* RezepteDetailViewController.swift */; };
		A90B8FD13AF63FFC6D938951 /* libPods-Nussalergie.a in Frameworks */ = {isa = PBXBuildFile; fileRef = 32EC77495564DBB16BCCA941 /* libPods-Nussalergie.a */; };
/* End PBXBuildFile section */

/* Begin PBXCopyFilesBuildPhase section */
		8172EC251D2C0E3B00B1A4E4 /* Embed Frameworks */ = {
			isa = PBXCopyFilesBuildPhase;
			buildActionMask = 2147483647;
			dstPath = "";
			dstSubfolderSpec = 10;
			files = (
				8172EC241D2C0E3A00B1A4E4 /* FontAwesome.framework in Embed Frameworks */,
			);
			name = "Embed Frameworks";
			runOnlyForDeploymentPostprocessing = 0;
		};
/* End PBXCopyFilesBuildPhase section */

/* Begin PBXFileReference section */
		1AD57C49C61753BB60AE4750 /* Pods-Nussalergie.debug.xcconfig */ = {isa = PBXFileReference; includeInIndex = 1; lastKnownFileType = text.xcconfig; name = "Pods-Nussalergie.debug.xcconfig"; path = "Pods/Target Support Files/Pods-Nussalergie/Pods-Nussalergie.debug.xcconfig"; sourceTree = "<group>"; };
		26391F2F1D2D46B700A23140 /* Produkt.swift */ = {isa = PBXFileReference; fileEncoding = 4; lastKnownFileType = sourcecode.swift; path = Produkt.swift; sourceTree = "<group>"; };
		26391F351D2D4F3700A23140 /* ProdukteTableViewController.swift */ = {isa = PBXFileReference; fileEncoding = 4; lastKnownFileType = sourcecode.swift; path = ProdukteTableViewController.swift; sourceTree = "<group>"; };
		26391F371D2D4F4C00A23140 /* ProdukteNavigationController.swift */ = {isa = PBXFileReference; fileEncoding = 4; lastKnownFileType = sourcecode.swift; path = ProdukteNavigationController.swift; sourceTree = "<group>"; };
		26BA626B1D2F9E16005D725A /* NeueRezeptViewController.swift */ = {isa = PBXFileReference; fileEncoding = 4; lastKnownFileType = sourcecode.swift; path = NeueRezeptViewController.swift; sourceTree = "<group>"; };
		26F7816F1D297F8D00DFEF5E /* Nussalergie.app */ = {isa = PBXFileReference; explicitFileType = wrapper.application; includeInIndex = 0; path = Nussalergie.app; sourceTree = BUILT_PRODUCTS_DIR; };
		26F781721D297F8D00DFEF5E /* AppDelegate.swift */ = {isa = PBXFileReference; lastKnownFileType = sourcecode.swift; path = AppDelegate.swift; sourceTree = "<group>"; };
		26F781741D297F8D00DFEF5E /* ViewController.swift */ = {isa = PBXFileReference; lastKnownFileType = sourcecode.swift; path = ViewController.swift; sourceTree = "<group>"; };
		26F781771D297F8D00DFEF5E /* Base */ = {isa = PBXFileReference; lastKnownFileType = file.storyboard; name = Base; path = Base.lproj/Main.storyboard; sourceTree = "<group>"; };
		26F781791D297F8D00DFEF5E /* Assets.xcassets */ = {isa = PBXFileReference; lastKnownFileType = folder.assetcatalog; path = Assets.xcassets; sourceTree = "<group>"; };
		26F7817C1D297F8D00DFEF5E /* Base */ = {isa = PBXFileReference; lastKnownFileType = file.storyboard; name = Base; path = Base.lproj/LaunchScreen.storyboard; sourceTree = "<group>"; };
		26F7817E1D297F8D00DFEF5E /* Info.plist */ = {isa = PBXFileReference; lastKnownFileType = text.plist.xml; path = Info.plist; sourceTree = "<group>"; };
		2C690181DC9B49FB0CDE0264 /* Pods-Nussalergie.release.xcconfig */ = {isa = PBXFileReference; includeInIndex = 1; lastKnownFileType = text.xcconfig; name = "Pods-Nussalergie.release.xcconfig"; path = "Pods/Target Support Files/Pods-Nussalergie/Pods-Nussalergie.release.xcconfig"; sourceTree = "<group>"; };
		32EC77495564DBB16BCCA941 /* libPods-Nussalergie.a */ = {isa = PBXFileReference; explicitFileType = archive.ar; includeInIndex = 0; path = "libPods-Nussalergie.a"; sourceTree = BUILT_PRODUCTS_DIR; };
		81329D561D2DA78F00C65978 /* GoogleService-Info.plist */ = {isa = PBXFileReference; fileEncoding = 4; lastKnownFileType = text.plist.xml; path = "GoogleService-Info.plist"; sourceTree = "<group>"; };
		8172EC091D2BF86100B1A4E4 /* RezepteTableViewController.swift */ = {isa = PBXFileReference; fileEncoding = 4; lastKnownFileType = sourcecode.swift; path = RezepteTableViewController.swift; sourceTree = "<group>"; };
		8172EC101D2C01F800B1A4E4 /* Rezept.swift */ = {isa = PBXFileReference; fileEncoding = 4; lastKnownFileType = sourcecode.swift; path = Rezept.swift; sourceTree = "<group>"; };
		8172EC1C1D2C0A1600B1A4E4 /* RezepteNavigationController.swift */ = {isa = PBXFileReference; fileEncoding = 4; lastKnownFileType = sourcecode.swift; name = RezepteNavigationController.swift; path = ../RezepteNavigationController.swift; sourceTree = "<group>"; };
		8172EC221D2C0E3A00B1A4E4 /* FontAwesome.framework */ = {isa = PBXFileReference; lastKnownFileType = wrapper.framework; name = FontAwesome.framework; path = Carthage/Build/iOS/FontAwesome.framework; sourceTree = "<group>"; };
		8172EC281D2C0F5100B1A4E4 /* TabBarViewController.swift */ = {isa = PBXFileReference; fileEncoding = 4; lastKnownFileType = sourcecode.swift; path = TabBarViewController.swift; sourceTree = "<group>"; };
		818A81511D2EBA3500E31D50 /* RezeptZutat.swift */ = {isa = PBXFileReference; fileEncoding = 4; lastKnownFileType = sourcecode.swift; path = RezeptZutat.swift; sourceTree = "<group>"; };
		818A81531D2EBC6200E31D50 /* ZutatenCell.swift */ = {isa = PBXFileReference; fileEncoding = 4; lastKnownFileType = sourcecode.swift; path = ZutatenCell.swift; sourceTree = "<group>"; };
		818A81541D2EBC6200E31D50 /* ZutatenCell.xib */ = {isa = PBXFileReference; fileEncoding = 4; lastKnownFileType = file.xib; path = ZutatenCell.xib; sourceTree = "<group>"; };
		81D47D8C1D2D4413005C767A /* RezepteDetailViewController.swift */ = {isa = PBXFileReference; fileEncoding = 4; lastKnownFileType = sourcecode.swift; path = RezepteDetailViewController.swift; sourceTree = "<group>"; };
/* End PBXFileReference section */

/* Begin PBXFrameworksBuildPhase section */
		26F7816C1D297F8D00DFEF5E /* Frameworks */ = {
			isa = PBXFrameworksBuildPhase;
			buildActionMask = 2147483647;
			files = (
				8172EC231D2C0E3A00B1A4E4 /* FontAwesome.framework in Frameworks */,
				A90B8FD13AF63FFC6D938951 /* libPods-Nussalergie.a in Frameworks */,
			);
			runOnlyForDeploymentPostprocessing = 0;
		};
/* End PBXFrameworksBuildPhase section */

/* Begin PBXGroup section */
		26391F2E1D2D468000A23140 /* Produkte */ = {
			isa = PBXGroup;
			children = (
				26391F2F1D2D46B700A23140 /* Produkt.swift */,
				26391F351D2D4F3700A23140 /* ProdukteTableViewController.swift */,
				26391F371D2D4F4C00A23140 /* ProdukteNavigationController.swift */,
			);
			name = Produkte;
			sourceTree = "<group>";
		};
		26F781661D297F8D00DFEF5E = {
			isa = PBXGroup;
			children = (
				26F781711D297F8D00DFEF5E /* Nussalergie */,
				26F781701D297F8D00DFEF5E /* Products */,
				8172EC261D2C0E7A00B1A4E4 /* Frameworks */,
				C2E231E19F5AE096795F7F6F /* Pods */,
			);
			sourceTree = "<group>";
		};
		26F781701D297F8D00DFEF5E /* Products */ = {
			isa = PBXGroup;
			children = (
				26F7816F1D297F8D00DFEF5E /* Nussalergie.app */,
			);
			name = Products;
			sourceTree = "<group>";
		};
		26F781711D297F8D00DFEF5E /* Nussalergie */ = {
			isa = PBXGroup;
			children = (
				26F781721D297F8D00DFEF5E /* AppDelegate.swift */,
				26F781741D297F8D00DFEF5E /* ViewController.swift */,
				8172EC271D2C0EB700B1A4E4 /* Rezepte */,
				8172EC281D2C0F5100B1A4E4 /* TabBarViewController.swift */,
				26391F2E1D2D468000A23140 /* Produkte */,
				26F781761D297F8D00DFEF5E /* Main.storyboard */,
				26F7817B1D297F8D00DFEF5E /* LaunchScreen.storyboard */,
				26F781791D297F8D00DFEF5E /* Assets.xcassets */,
				26F7817E1D297F8D00DFEF5E /* Info.plist */,
				81329D561D2DA78F00C65978 /* GoogleService-Info.plist */,
			);
			path = Nussalergie;
			sourceTree = "<group>";
		};
		8172EC261D2C0E7A00B1A4E4 /* Frameworks */ = {
			isa = PBXGroup;
			children = (
				8172EC221D2C0E3A00B1A4E4 /* FontAwesome.framework */,
				32EC77495564DBB16BCCA941 /* libPods-Nussalergie.a */,
			);
			name = Frameworks;
			sourceTree = "<group>";
		};
		8172EC271D2C0EB700B1A4E4 /* Rezepte */ = {
			isa = PBXGroup;
			children = (
				26BA626B1D2F9E16005D725A /* NeueRezeptViewController.swift */,
				8172EC091D2BF86100B1A4E4 /* RezepteTableViewController.swift */,
				81D47D8C1D2D4413005C767A /* RezepteDetailViewController.swift */,
				818A81571D2EBC6F00E31D50 /* RezeptZutatenTableView */,
				8172EC1C1D2C0A1600B1A4E4 /* RezepteNavigationController.swift */,
				8172EC101D2C01F800B1A4E4 /* Rezept.swift */,
			);
			name = Rezepte;
			sourceTree = "<group>";
		};
		818A81571D2EBC6F00E31D50 /* RezeptZutatenTableView */ = {
			isa = PBXGroup;
			children = (
				818A81531D2EBC6200E31D50 /* ZutatenCell.swift */,
				818A81541D2EBC6200E31D50 /* ZutatenCell.xib */,
				818A81511D2EBA3500E31D50 /* RezeptZutat.swift */,
			);
			name = RezeptZutatenTableView;
			sourceTree = "<group>";
		};
		C2E231E19F5AE096795F7F6F /* Pods */ = {
			isa = PBXGroup;
			children = (
				1AD57C49C61753BB60AE4750 /* Pods-Nussalergie.debug.xcconfig */,
				2C690181DC9B49FB0CDE0264 /* Pods-Nussalergie.release.xcconfig */,
			);
			name = Pods;
			sourceTree = "<group>";
		};
/* End PBXGroup section */

/* Begin PBXNativeTarget section */
		26F7816E1D297F8D00DFEF5E /* Nussalergie */ = {
			isa = PBXNativeTarget;
			buildConfigurationList = 26F781811D297F8D00DFEF5E /* Build configuration list for PBXNativeTarget "Nussalergie" */;
			buildPhases = (
				48755461B266DA746F8C2DD0 /* Check Pods Manifest.lock */,
				26F7816B1D297F8D00DFEF5E /* Sources */,
				26F7816C1D297F8D00DFEF5E /* Frameworks */,
				26F7816D1D297F8D00DFEF5E /* Resources */,
				8172EC251D2C0E3B00B1A4E4 /* Embed Frameworks */,
				96BD98C977D4B9742C71181B /* Embed Pods Frameworks */,
				08C9F1EC04535B3E45D1476B /* Copy Pods Resources */,
			);
			buildRules = (
			);
			dependencies = (
			);
			name = Nussalergie;
			productName = Nussalergie;
			productReference = 26F7816F1D297F8D00DFEF5E /* Nussalergie.app */;
			productType = "com.apple.product-type.application";
		};
/* End PBXNativeTarget section */

/* Begin PBXProject section */
		26F781671D297F8D00DFEF5E /* Project object */ = {
			isa = PBXProject;
			attributes = {
				LastSwiftUpdateCheck = 0730;
				LastUpgradeCheck = 0730;
				ORGANIZATIONNAME = Scheissegal;
				TargetAttributes = {
					26F7816E1D297F8D00DFEF5E = {
						CreatedOnToolsVersion = 7.3.1;
					};
				};
			};
			buildConfigurationList = 26F7816A1D297F8D00DFEF5E /* Build configuration list for PBXProject "Nussalergie" */;
			compatibilityVersion = "Xcode 3.2";
			developmentRegion = English;
			hasScannedForEncodings = 0;
			knownRegions = (
				en,
				Base,
			);
			mainGroup = 26F781661D297F8D00DFEF5E;
			productRefGroup = 26F781701D297F8D00DFEF5E /* Products */;
			projectDirPath = "";
			projectRoot = "";
			targets = (
				26F7816E1D297F8D00DFEF5E /* Nussalergie */,
			);
		};
/* End PBXProject section */

/* Begin PBXResourcesBuildPhase section */
		26F7816D1D297F8D00DFEF5E /* Resources */ = {
			isa = PBXResourcesBuildPhase;
			buildActionMask = 2147483647;
			files = (
				81329D571D2DA78F00C65978 /* GoogleService-Info.plist in Resources */,
				26F7817D1D297F8D00DFEF5E /* LaunchScreen.storyboard in Resources */,
				818A81561D2EBC6200E31D50 /* ZutatenCell.xib in Resources */,
				26F7817A1D297F8D00DFEF5E /* Assets.xcassets in Resources */,
				26F781781D297F8D00DFEF5E /* Main.storyboard in Resources */,
			);
			runOnlyForDeploymentPostprocessing = 0;
		};
/* End PBXResourcesBuildPhase section */

/* Begin PBXShellScriptBuildPhase section */
		08C9F1EC04535B3E45D1476B /* Copy Pods Resources */ = {
			isa = PBXShellScriptBuildPhase;
			buildActionMask = 2147483647;
			files = (
			);
			inputPaths = (
			);
			name = "Copy Pods Resources";
			outputPaths = (
			);
			runOnlyForDeploymentPostprocessing = 0;
			shellPath = /bin/sh;
			shellScript = "\"${SRCROOT}/Pods/Target Support Files/Pods-Nussalergie/Pods-Nussalergie-resources.sh\"\n";
			showEnvVarsInLog = 0;
		};
		48755461B266DA746F8C2DD0 /* Check Pods Manifest.lock */ = {
			isa = PBXShellScriptBuildPhase;
			buildActionMask = 2147483647;
			files = (
			);
			inputPaths = (
			);
			name = "Check Pods Manifest.lock";
			outputPaths = (
			);
			runOnlyForDeploymentPostprocessing = 0;
			shellPath = /bin/sh;
			shellScript = "diff \"${PODS_ROOT}/../Podfile.lock\" \"${PODS_ROOT}/Manifest.lock\" > /dev/null\nif [[ $? != 0 ]] ; then\n    cat << EOM\nerror: The sandbox is not in sync with the Podfile.lock. Run 'pod install' or update your CocoaPods installation.\nEOM\n    exit 1\nfi\n";
			showEnvVarsInLog = 0;
		};
		96BD98C977D4B9742C71181B /* Embed Pods Frameworks */ = {
			isa = PBXShellScriptBuildPhase;
			buildActionMask = 2147483647;
			files = (
			);
			inputPaths = (
			);
			name = "Embed Pods Frameworks";
			outputPaths = (
			);
			runOnlyForDeploymentPostprocessing = 0;
			shellPath = /bin/sh;
			shellScript = "\"${SRCROOT}/Pods/Target Support Files/Pods-Nussalergie/Pods-Nussalergie-frameworks.sh\"\n";
			showEnvVarsInLog = 0;
		};
/* End PBXShellScriptBuildPhase section */

/* Begin PBXSourcesBuildPhase section */
		26F7816B1D297F8D00DFEF5E /* Sources */ = {
			isa = PBXSourcesBuildPhase;
			buildActionMask = 2147483647;
			files = (
				81D47D8D1D2D4413005C767A /* RezepteDetailViewController.swift in Sources */,
				818A81551D2EBC6200E31D50 /* ZutatenCell.swift in Sources */,
				818A81521D2EBA3500E31D50 /* RezeptZutat.swift in Sources */,
				26F781751D297F8D00DFEF5E /* ViewController.swift in Sources */,
				8172EC111D2C01F800B1A4E4 /* Rezept.swift in Sources */,
				8172EC1D1D2C0A1600B1A4E4 /* RezepteNavigationController.swift in Sources */,
				26391F361D2D4F3700A23140 /* ProdukteTableViewController.swift in Sources */,
				26F781731D297F8D00DFEF5E /* AppDelegate.swift in Sources */,
				26391F301D2D46B700A23140 /* Produkt.swift in Sources */,
				8172EC291D2C0F5100B1A4E4 /* TabBarViewController.swift in Sources */,
				26BA626C1D2F9E16005D725A /* NeueRezeptViewController.swift in Sources */,
				8172EC0A1D2BF86100B1A4E4 /* RezepteTableViewController.swift in Sources */,
				26391F381D2D4F4C00A23140 /* ProdukteNavigationController.swift in Sources */,
			);
			runOnlyForDeploymentPostprocessing = 0;
		};
/* End PBXSourcesBuildPhase section */

/* Begin PBXVariantGroup section */
		26F781761D297F8D00DFEF5E /* Main.storyboard */ = {
			isa = PBXVariantGroup;
			children = (
				26F781771D297F8D00DFEF5E /* Base */,
			);
			name = Main.storyboard;
			sourceTree = "<group>";
		};
		26F7817B1D297F8D00DFEF5E /* LaunchScreen.storyboard */ = {
			isa = PBXVariantGroup;
			children = (
				26F7817C1D297F8D00DFEF5E /* Base */,
			);
			name = LaunchScreen.storyboard;
			sourceTree = "<group>";
		};
/* End PBXVariantGroup section */

/* Begin XCBuildConfiguration section */
		26F7817F1D297F8D00DFEF5E /* Debug */ = {
			isa = XCBuildConfiguration;
			buildSettings = {
				ALWAYS_SEARCH_USER_PATHS = NO;
				CLANG_ANALYZER_NONNULL = YES;
				CLANG_CXX_LANGUAGE_STANDARD = "gnu++0x";
				CLANG_CXX_LIBRARY = "libc++";
				CLANG_ENABLE_MODULES = YES;
				CLANG_ENABLE_OBJC_ARC = YES;
				CLANG_WARN_BOOL_CONVERSION = YES;
				CLANG_WARN_CONSTANT_CONVERSION = YES;
				CLANG_WARN_DIRECT_OBJC_ISA_USAGE = YES_ERROR;
				CLANG_WARN_EMPTY_BODY = YES;
				CLANG_WARN_ENUM_CONVERSION = YES;
				CLANG_WARN_INT_CONVERSION = YES;
				CLANG_WARN_OBJC_ROOT_CLASS = YES_ERROR;
				CLANG_WARN_UNREACHABLE_CODE = YES;
				CLANG_WARN__DUPLICATE_METHOD_MATCH = YES;
				"CODE_SIGN_IDENTITY[sdk=iphoneos*]" = "iPhone Developer";
				COPY_PHASE_STRIP = NO;
				DEBUG_INFORMATION_FORMAT = dwarf;
				ENABLE_STRICT_OBJC_MSGSEND = YES;
				ENABLE_TESTABILITY = YES;
				GCC_C_LANGUAGE_STANDARD = gnu99;
				GCC_DYNAMIC_NO_PIC = NO;
				GCC_NO_COMMON_BLOCKS = YES;
				GCC_OPTIMIZATION_LEVEL = 0;
				GCC_PREPROCESSOR_DEFINITIONS = (
					"DEBUG=1",
					"$(inherited)",
				);
				GCC_WARN_64_TO_32_BIT_CONVERSION = YES;
				GCC_WARN_ABOUT_RETURN_TYPE = YES_ERROR;
				GCC_WARN_UNDECLARED_SELECTOR = YES;
				GCC_WARN_UNINITIALIZED_AUTOS = YES_AGGRESSIVE;
				GCC_WARN_UNUSED_FUNCTION = YES;
				GCC_WARN_UNUSED_VARIABLE = YES;
				IPHONEOS_DEPLOYMENT_TARGET = 9.3;
				MTL_ENABLE_DEBUG_INFO = YES;
				ONLY_ACTIVE_ARCH = YES;
				SDKROOT = iphoneos;
				SWIFT_OPTIMIZATION_LEVEL = "-Onone";
				TARGETED_DEVICE_FAMILY = "1,2";
			};
			name = Debug;
		};
		26F781801D297F8D00DFEF5E /* Release */ = {
			isa = XCBuildConfiguration;
			buildSettings = {
				ALWAYS_SEARCH_USER_PATHS = NO;
				CLANG_ANALYZER_NONNULL = YES;
				CLANG_CXX_LANGUAGE_STANDARD = "gnu++0x";
				CLANG_CXX_LIBRARY = "libc++";
				CLANG_ENABLE_MODULES = YES;
				CLANG_ENABLE_OBJC_ARC = YES;
				CLANG_WARN_BOOL_CONVERSION = YES;
				CLANG_WARN_CONSTANT_CONVERSION = YES;
				CLANG_WARN_DIRECT_OBJC_ISA_USAGE = YES_ERROR;
				CLANG_WARN_EMPTY_BODY = YES;
				CLANG_WARN_ENUM_CONVERSION = YES;
				CLANG_WARN_INT_CONVERSION = YES;
				CLANG_WARN_OBJC_ROOT_CLASS = YES_ERROR;
				CLANG_WARN_UNREACHABLE_CODE = YES;
				CLANG_WARN__DUPLICATE_METHOD_MATCH = YES;
				"CODE_SIGN_IDENTITY[sdk=iphoneos*]" = "iPhone Developer";
				COPY_PHASE_STRIP = NO;
				DEBUG_INFORMATION_FORMAT = "dwarf-with-dsym";
				ENABLE_NS_ASSERTIONS = NO;
				ENABLE_STRICT_OBJC_MSGSEND = YES;
				GCC_C_LANGUAGE_STANDARD = gnu99;
				GCC_NO_COMMON_BLOCKS = YES;
				GCC_WARN_64_TO_32_BIT_CONVERSION = YES;
				GCC_WARN_ABOUT_RETURN_TYPE = YES_ERROR;
				GCC_WARN_UNDECLARED_SELECTOR = YES;
				GCC_WARN_UNINITIALIZED_AUTOS = YES_AGGRESSIVE;
				GCC_WARN_UNUSED_FUNCTION = YES;
				GCC_WARN_UNUSED_VARIABLE = YES;
				IPHONEOS_DEPLOYMENT_TARGET = 9.3;
				MTL_ENABLE_DEBUG_INFO = NO;
				SDKROOT = iphoneos;
				TARGETED_DEVICE_FAMILY = "1,2";
				VALIDATE_PRODUCT = YES;
			};
			name = Release;
		};
		26F781821D297F8D00DFEF5E /* Debug */ = {
			isa = XCBuildConfiguration;
			baseConfigurationReference = 1AD57C49C61753BB60AE4750 /* Pods-Nussalergie.debug.xcconfig */;
			buildSettings = {
				ASSETCATALOG_COMPILER_APPICON_NAME = AppIcon;
				FRAMEWORK_SEARCH_PATHS = (
					"$(inherited)",
					"$(PROJECT_DIR)/Carthage/Build/iOS",
				);
				INFOPLIST_FILE = Nussalergie/Info.plist;
				LD_RUNPATH_SEARCH_PATHS = "$(inherited) @executable_path/Frameworks";
				PRODUCT_BUNDLE_IDENTIFIER = s.Nussalergie;
				PRODUCT_NAME = "$(TARGET_NAME)";
			};
			name = Debug;
		};
		26F781831D297F8D00DFEF5E /* Release */ = {
			isa = XCBuildConfiguration;
			baseConfigurationReference = 2C690181DC9B49FB0CDE0264 /* Pods-Nussalergie.release.xcconfig */;
			buildSettings = {
				ASSETCATALOG_COMPILER_APPICON_NAME = AppIcon;
				FRAMEWORK_SEARCH_PATHS = (
					"$(inherited)",
					"$(PROJECT_DIR)/Carthage/Build/iOS",
				);
				INFOPLIST_FILE = Nussalergie/Info.plist;
				LD_RUNPATH_SEARCH_PATHS = "$(inherited) @executable_path/Frameworks";
				PRODUCT_BUNDLE_IDENTIFIER = s.Nussalergie;
				PRODUCT_NAME = "$(TARGET_NAME)";
			};
			name = Release;
		};
/* End XCBuildConfiguration section */

/* Begin XCConfigurationList section */
		26F7816A1D297F8D00DFEF5E /* Build configuration list for PBXProject "Nussalergie" */ = {
			isa = XCConfigurationList;
			buildConfigurations = (
				26F7817F1D297F8D00DFEF5E /* Debug */,
				26F781801D297F8D00DFEF5E /* Release */,
			);
			defaultConfigurationIsVisible = 0;
			defaultConfigurationName = Release;
		};
		26F781811D297F8D00DFEF5E /* Build configuration list for PBXNativeTarget "Nussalergie" */ = {
			isa = XCConfigurationList;
			buildConfigurations = (
				26F781821D297F8D00DFEF5E /* Debug */,
				26F781831D297F8D00DFEF5E /* Release */,
			);
			defaultConfigurationIsVisible = 0;
			defaultConfigurationName = Release;
		};
/* End XCConfigurationList section */
	};
	rootObject = 26F781671D297F8D00DFEF5E /* Project object */;
}
